{
  "name": "uniquely",
  "version": "0.0.2",
  "lockfileVersion": 3,
  "requires": true,
  "packages": {
    "": {
      "name": "uniquely",
      "version": "0.0.2",
      "license": "MIT",
      "dependencies": {
        "es6-util": "0.0.1"
      }
    },
    "node_modules/es6-util": {
      "version": "0.0.1",
      "resolved": "https://registry.npmjs.org/es6-util/-/es6-util-0.0.1.tgz",
      "integrity": "sha512-hGvqyF5ludHyPKb5R59en21ax/ksgu6A7vNyxMDh0j49ChRVTShV4bysE4ESizNp9l8n0EgQ592w3hY0gfBmJw==",
      "deprecated": "this package has been deprecated",
      "license": "MIT"
    }
  }
}
